<Solution>
  <Configurations>
    <Platform Name="Any CPU" />
    <Platform Name="x64" />
    <Platform Name="x86" />
  </Configurations>
  <Project Path="Ivy.Tendril.csproj" />
  <Project Path="../Ivy.Tendril.Desktop/Ivy.Tendril.Desktop.csproj" />
  <Project Path="../Ivy.Tendril.Test/Ivy.Tendril.Test.csproj" />
  <Project Path="../Ivy.Tendril.Docs/Ivy.Tendril.Docs.csproj" />
</Solution>
